
Microsoft Visual Studio Solution File, Format Version 12.00
# Visual Studio Version 17
VisualStudioVersion = 17.2.32526.322
MinimumVisualStudioVersion = 10.0.40219.1
Project("{9A19103F-16F7-4668-BE54-9A1E7A4F7556}") = "aoHtmlImportTool", "aoHtmlImport\aoHtmlImportTool.csproj", "{2FB04A0F-844C-4010-B011-BE8A90960735}"
EndProject
Project("{FAE04EC0-301F-11D3-BF4B-00C04F79EFBC}") = "aoHtmlImportTests", "aoHtmlImportTests\aoHtmlImportTests.csproj", "{87587AEC-1080-46F4-BE12-8F6243AA97C9}"
EndProject
Project("{9A19103F-16F7-4668-BE54-9A1E7A4F7556}") = "HtmlImport", "HtmlImport\HtmlImport.csproj", "{BA2E9A18-9880-4EA9-B3F7-F502AA9A8077}"
EndProject
Global
	GlobalSection(SolutionConfigurationPlatforms) = preSolution
		Debug|Any CPU = Debug|Any CPU
		Release|Any CPU = Release|Any CPU
	EndGlobalSection
	GlobalSection(ProjectConfigurationPlatforms) = postSolution
		{2FB04A0F-844C-4010-B011-BE8A90960735}.Debug|Any CPU.ActiveCfg = Debug|Any CPU
		{2FB04A0F-844C-4010-B011-BE8A90960735}.Debug|Any CPU.Build.0 = Debug|Any CPU
		{2FB04A0F-844C-4010-B011-BE8A90960735}.Release|Any CPU.ActiveCfg = Release|Any CPU
		{2FB04A0F-844C-4010-B011-BE8A90960735}.Release|Any CPU.Build.0 = Release|Any CPU
		{87587AEC-1080-46F4-BE12-8F6243AA97C9}.Debug|Any CPU.ActiveCfg = Debug|Any CPU
		{87587AEC-1080-46F4-BE12-8F6243AA97C9}.Debug|Any CPU.Build.0 = Debug|Any CPU
		{87587AEC-1080-46F4-BE12-8F6243AA97C9}.Release|Any CPU.ActiveCfg = Release|Any CPU
		{87587AEC-1080-46F4-BE12-8F6243AA97C9}.Release|Any CPU.Build.0 = Release|Any CPU
		{BA2E9A18-9880-4EA9-B3F7-F502AA9A8077}.Debug|Any CPU.ActiveCfg = Debug|Any CPU
		{BA2E9A18-9880-4EA9-B3F7-F502AA9A8077}.Debug|Any CPU.Build.0 = Debug|Any CPU
		{BA2E9A18-9880-4EA9-B3F7-F502AA9A8077}.Release|Any CPU.ActiveCfg = Release|Any CPU
		{BA2E9A18-9880-4EA9-B3F7-F502AA9A8077}.Release|Any CPU.Build.0 = Release|Any CPU
	EndGlobalSection
	GlobalSection(SolutionProperties) = preSolution
		HideSolutionNode = FALSE
	EndGlobalSection
	GlobalSection(ExtensibilityGlobals) = postSolution
		SolutionGuid = {D81499E4-9931-4C90-8C21-2301E53D6D73}
	EndGlobalSection
EndGlobal
