
Microsoft Visual Studio Solution File, Format Version 12.00
# Visual Studio 15
VisualStudioVersion = 15.0.28307.852
MinimumVisualStudioVersion = 10.0.40219.1
Project("{FAE04EC0-301F-11D3-BF4B-00C04F79EFBC}") = "aoHtmlImport", "aoHtmlImport\aoHtmlImport.csproj", "{2FB04A0F-844C-4010-B011-BE8A90960735}"
EndProject
Global
	GlobalSection(SolutionConfigurationPlatforms) = preSolution
		Debug|Any CPU = Debug|Any CPU
		Release|Any CPU = Release|Any CPU
	EndGlobalSection
	GlobalSection(ProjectConfigurationPlatforms) = postSolution
		{2FB04A0F-844C-4010-B011-BE8A90960735}.Debug|Any CPU.ActiveCfg = Debug|Any CPU
		{2FB04A0F-844C-4010-B011-BE8A90960735}.Debug|Any CPU.Build.0 = Debug|Any CPU
		{2FB04A0F-844C-4010-B011-BE8A90960735}.Release|Any CPU.ActiveCfg = Release|Any CPU
		{2FB04A0F-844C-4010-B011-BE8A90960735}.Release|Any CPU.Build.0 = Release|Any CPU
	EndGlobalSection
	GlobalSection(SolutionProperties) = preSolution
		HideSolutionNode = FALSE
	EndGlobalSection
	GlobalSection(ExtensibilityGlobals) = postSolution
		SolutionGuid = {D81499E4-9931-4C90-8C21-2301E53D6D73}
	EndGlobalSection
EndGlobal
